
Microsoft Visual Studio Solution File, Format Version 12.00
# Visual Studio Version 16
VisualStudioVersion = 16.0.31613.86
MinimumVisualStudioVersion = 10.0.40219.1
Project("{9A19103F-16F7-4668-BE54-9A1E7A4F7556}") = "MohammadpourBitCoinShowBitCoinPricesGraph_AspCore", "MohammadpourBitCoinShowBitCoinPricesGraph_AspCore\MohammadpourBitCoinShowBitCoinPricesGraph_AspCore.csproj", "{75CDB0A9-1030-4A50-A24B-E7F3D5401016}"
EndProject
Global
	GlobalSection(SolutionConfigurationPlatforms) = preSolution
		Debug|Any CPU = Debug|Any CPU
		Release|Any CPU = Release|Any CPU
	EndGlobalSection
	GlobalSection(ProjectConfigurationPlatforms) = postSolution
		{75CDB0A9-1030-4A50-A24B-E7F3D5401016}.Debug|Any CPU.ActiveCfg = Debug|Any CPU
		{75CDB0A9-1030-4A50-A24B-E7F3D5401016}.Debug|Any CPU.Build.0 = Debug|Any CPU
		{75CDB0A9-1030-4A50-A24B-E7F3D5401016}.Release|Any CPU.ActiveCfg = Release|Any CPU
		{75CDB0A9-1030-4A50-A24B-E7F3D5401016}.Release|Any CPU.Build.0 = Release|Any CPU
	EndGlobalSection
	GlobalSection(SolutionProperties) = preSolution
		HideSolutionNode = FALSE
	EndGlobalSection
	GlobalSection(ExtensibilityGlobals) = postSolution
		SolutionGuid = {AD9D6FFD-FE0A-43BA-8CE3-4D00073970C6}
	EndGlobalSection
EndGlobal
